// !$*UTF8*$!
{
	archiveVersion = 1;
	classes = {
	};
	objectVersion = 56;
	objects = {

/* Begin PBXBuildFile section */
		6454B1B92BFD3A5700BA58DB /* MainMenu.swift in Sources */ = {isa = PBXBuildFile; fileRef = 6454B1B82BFD3A5700BA58DB /* MainMenu.swift */; };
		6454B1BB2BFD443000BA58DB /* HexToColor.swift in Sources */ = {isa = PBXBuildFile; fileRef = 6454B1BA2BFD442F00BA58DB /* HexToColor.swift */; };
		6454B1C02BFD51D000BA58DB /* GlowBorder.swift in Sources */ = {isa = PBXBuildFile; fileRef = 6454B1BF2BFD51D000BA58DB /* GlowBorder.swift */; };
		6454B1C22BFDF36600BA58DB /* SignUp.swift in Sources */ = {isa = PBXBuildFile; fileRef = 6454B1C12BFDF36600BA58DB /* SignUp.swift */; };
		6454B1C52BFE660C00BA58DB /* Login.swift in Sources */ = {isa = PBXBuildFile; fileRef = 6454B1C42BFE660C00BA58DB /* Login.swift */; };
		64BC3ADB2BFA9ED10063EB4D /* PC_FamilyApp.swift in Sources */ = {isa = PBXBuildFile; fileRef = 64BC3ADA2BFA9ED10063EB4D /* PC_FamilyApp.swift */; };
		64BC3ADD2BFA9ED10063EB4D /* ContentView.swift in Sources */ = {isa = PBXBuildFile; fileRef = 64BC3ADC2BFA9ED10063EB4D /* ContentView.swift */; };
		64BC3ADF2BFA9ED10063EB4D /* Item.swift in Sources */ = {isa = PBXBuildFile; fileRef = 64BC3ADE2BFA9ED10063EB4D /* Item.swift */; };
		64BC3AE12BFA9ED50063EB4D /* Assets.xcassets in Resources */ = {isa = PBXBuildFile; fileRef = 64BC3AE02BFA9ED50063EB4D /* Assets.xcassets */; };
		64BC3AE42BFA9ED50063EB4D /* Preview Assets.xcassets in Resources */ = {isa = PBXBuildFile; fileRef = 64BC3AE32BFA9ED50063EB4D /* Preview Assets.xcassets */; };
		64BC3AEE2BFA9ED50063EB4D /* PC_FamilyTests.swift in Sources */ = {isa = PBXBuildFile; fileRef = 64BC3AED2BFA9ED50063EB4D /* PC_FamilyTests.swift */; };
		64BC3AF82BFA9ED50063EB4D /* PC_FamilyUITests.swift in Sources */ = {isa = PBXBuildFile; fileRef = 64BC3AF72BFA9ED50063EB4D /* PC_FamilyUITests.swift */; };
		64BC3AFA2BFA9ED50063EB4D /* PC_FamilyUITestsLaunchTests.swift in Sources */ = {isa = PBXBuildFile; fileRef = 64BC3AF92BFA9ED50063EB4D /* PC_FamilyUITestsLaunchTests.swift */; };
		64BC3B082BFAA0EF0063EB4D /* LoginView.swift in Sources */ = {isa = PBXBuildFile; fileRef = 64BC3B072BFAA0EF0063EB4D /* LoginView.swift */; };
		64BC3B0C2BFAA2FE0063EB4D /* LoginButton.swift in Sources */ = {isa = PBXBuildFile; fileRef = 64BC3B0B2BFAA2FE0063EB4D /* LoginButton.swift */; };
/* End PBXBuildFile section */

/* Begin PBXContainerItemProxy section */
		64BC3AEA2BFA9ED50063EB4D /* PBXContainerItemProxy */ = {
			isa = PBXContainerItemProxy;
			containerPortal = 64BC3ACF2BFA9ED10063EB4D /* Project object */;
			proxyType = 1;
			remoteGlobalIDString = 64BC3AD62BFA9ED10063EB4D;
			remoteInfo = "PC Family";
		};
		64BC3AF42BFA9ED50063EB4D /* PBXContainerItemProxy */ = {
			isa = PBXContainerItemProxy;
			containerPortal = 64BC3ACF2BFA9ED10063EB4D /* Project object */;
			proxyType = 1;
			remoteGlobalIDString = 64BC3AD62BFA9ED10063EB4D;
			remoteInfo = "PC Family";
		};
/* End PBXContainerItemProxy section */

/* Begin PBXFileReference section */
		6454B1B82BFD3A5700BA58DB /* MainMenu.swift */ = {isa = PBXFileReference; lastKnownFileType = sourcecode.swift; path = MainMenu.swift; sourceTree = "<group>"; };
		6454B1BA2BFD442F00BA58DB /* HexToColor.swift */ = {isa = PBXFileReference; lastKnownFileType = sourcecode.swift; path = HexToColor.swift; sourceTree = "<group>"; };
		6454B1BF2BFD51D000BA58DB /* GlowBorder.swift */ = {isa = PBXFileReference; lastKnownFileType = sourcecode.swift; path = GlowBorder.swift; sourceTree = "<group>"; };
		6454B1C12BFDF36600BA58DB /* SignUp.swift */ = {isa = PBXFileReference; lastKnownFileType = sourcecode.swift; path = SignUp.swift; sourceTree = "<group>"; };
		6454B1C42BFE660C00BA58DB /* Login.swift */ = {isa = PBXFileReference; lastKnownFileType = sourcecode.swift; path = Login.swift; sourceTree = "<group>"; };
		64BC3AD72BFA9ED10063EB4D /* PC Family.app */ = {isa = PBXFileReference; explicitFileType = wrapper.application; includeInIndex = 0; path = "PC Family.app"; sourceTree = BUILT_PRODUCTS_DIR; };
		64BC3ADA2BFA9ED10063EB4D /* PC_FamilyApp.swift */ = {isa = PBXFileReference; lastKnownFileType = sourcecode.swift; path = PC_FamilyApp.swift; sourceTree = "<group>"; };
		64BC3ADC2BFA9ED10063EB4D /* ContentView.swift */ = {isa = PBXFileReference; lastKnownFileType = sourcecode.swift; path = ContentView.swift; sourceTree = "<group>"; };
		64BC3ADE2BFA9ED10063EB4D /* Item.swift */ = {isa = PBXFileReference; lastKnownFileType = sourcecode.swift; path = Item.swift; sourceTree = "<group>"; };
		64BC3AE02BFA9ED50063EB4D /* Assets.xcassets */ = {isa = PBXFileReference; lastKnownFileType = folder.assetcatalog; path = Assets.xcassets; sourceTree = "<group>"; };
		64BC3AE32BFA9ED50063EB4D /* Preview Assets.xcassets */ = {isa = PBXFileReference; lastKnownFileType = folder.assetcatalog; path = "Preview Assets.xcassets"; sourceTree = "<group>"; };
		64BC3AE92BFA9ED50063EB4D /* PC FamilyTests.xctest */ = {isa = PBXFileReference; explicitFileType = wrapper.cfbundle; includeInIndex = 0; path = "PC FamilyTests.xctest"; sourceTree = BUILT_PRODUCTS_DIR; };
		64BC3AED2BFA9ED50063EB4D /* PC_FamilyTests.swift */ = {isa = PBXFileReference; lastKnownFileType = sourcecode.swift; path = PC_FamilyTests.swift; sourceTree = "<group>"; };
		64BC3AF32BFA9ED50063EB4D /* PC FamilyUITests.xctest */ = {isa = PBXFileReference; explicitFileType = wrapper.cfbundle; includeInIndex = 0; path = "PC FamilyUITests.xctest"; sourceTree = BUILT_PRODUCTS_DIR; };
		64BC3AF72BFA9ED50063EB4D /* PC_FamilyUITests.swift */ = {isa = PBXFileReference; lastKnownFileType = sourcecode.swift; path = PC_FamilyUITests.swift; sourceTree = "<group>"; };
		64BC3AF92BFA9ED50063EB4D /* PC_FamilyUITestsLaunchTests.swift */ = {isa = PBXFileReference; lastKnownFileType = sourcecode.swift; path = PC_FamilyUITestsLaunchTests.swift; sourceTree = "<group>"; };
		64BC3B072BFAA0EF0063EB4D /* LoginView.swift */ = {isa = PBXFileReference; lastKnownFileType = sourcecode.swift; path = LoginView.swift; sourceTree = "<group>"; };
		64BC3B0B2BFAA2FE0063EB4D /* LoginButton.swift */ = {isa = PBXFileReference; lastKnownFileType = sourcecode.swift; path = LoginButton.swift; sourceTree = "<group>"; };
/* End PBXFileReference section */

/* Begin PBXFrameworksBuildPhase section */
		64BC3AD42BFA9ED10063EB4D /* Frameworks */ = {
			isa = PBXFrameworksBuildPhase;
			buildActionMask = 2147483647;
			files = (
			);
			runOnlyForDeploymentPostprocessing = 0;
		};
		64BC3AE62BFA9ED50063EB4D /* Frameworks */ = {
			isa = PBXFrameworksBuildPhase;
			buildActionMask = 2147483647;
			files = (
			);
			runOnlyForDeploymentPostprocessing = 0;
		};
		64BC3AF02BFA9ED50063EB4D /* Frameworks */ = {
			isa = PBXFrameworksBuildPhase;
			buildActionMask = 2147483647;
			files = (
			);
			runOnlyForDeploymentPostprocessing = 0;
		};
/* End PBXFrameworksBuildPhase section */

/* Begin PBXGroup section */
		6454B1BD2BFD451D00BA58DB /* Interfaces */ = {
			isa = PBXGroup;
			children = (
				6454B1BE2BFD453F00BA58DB /* Reusable Components */,
				64BC3B072BFAA0EF0063EB4D /* LoginView.swift */,
				6454B1C12BFDF36600BA58DB /* SignUp.swift */,
			);
			path = Interfaces;
			sourceTree = "<group>";
		};
		6454B1BE2BFD453F00BA58DB /* Reusable Components */ = {
			isa = PBXGroup;
			children = (
				6454B1BA2BFD442F00BA58DB /* HexToColor.swift */,
				6454B1BF2BFD51D000BA58DB /* GlowBorder.swift */,
				64BC3B0B2BFAA2FE0063EB4D /* LoginButton.swift */,
				6454B1B82BFD3A5700BA58DB /* MainMenu.swift */,
				6454B1C42BFE660C00BA58DB /* Login.swift */,
			);
			path = "Reusable Components";
			sourceTree = "<group>";
		};
		64BC3ACE2BFA9ED10063EB4D = {
			isa = PBXGroup;
			children = (
				64BC3AD92BFA9ED10063EB4D /* PC Family */,
				64BC3AEC2BFA9ED50063EB4D /* PC FamilyTests */,
				64BC3AF62BFA9ED50063EB4D /* PC FamilyUITests */,
				64BC3AD82BFA9ED10063EB4D /* Products */,
			);
			sourceTree = "<group>";
		};
		64BC3AD82BFA9ED10063EB4D /* Products */ = {
			isa = PBXGroup;
			children = (
				64BC3AD72BFA9ED10063EB4D /* PC Family.app */,
				64BC3AE92BFA9ED50063EB4D /* PC FamilyTests.xctest */,
				64BC3AF32BFA9ED50063EB4D /* PC FamilyUITests.xctest */,
			);
			name = Products;
			sourceTree = "<group>";
		};
		64BC3AD92BFA9ED10063EB4D /* PC Family */ = {
			isa = PBXGroup;
			children = (
				64BC3ADA2BFA9ED10063EB4D /* PC_FamilyApp.swift */,
				64BC3ADC2BFA9ED10063EB4D /* ContentView.swift */,
				64BC3ADE2BFA9ED10063EB4D /* Item.swift */,
				6454B1BD2BFD451D00BA58DB /* Interfaces */,
				64BC3AE02BFA9ED50063EB4D /* Assets.xcassets */,
				64BC3AE22BFA9ED50063EB4D /* Preview Content */,
			);
			path = "PC Family";
			sourceTree = "<group>";
		};
		64BC3AE22BFA9ED50063EB4D /* Preview Content */ = {
			isa = PBXGroup;
			children = (
				64BC3AE32BFA9ED50063EB4D /* Preview Assets.xcassets */,
			);
			path = "Preview Content";
			sourceTree = "<group>";
		};
		64BC3AEC2BFA9ED50063EB4D /* PC FamilyTests */ = {
			isa = PBXGroup;
			children = (
				64BC3AED2BFA9ED50063EB4D /* PC_FamilyTests.swift */,
			);
			path = "PC FamilyTests";
			sourceTree = "<group>";
		};
		64BC3AF62BFA9ED50063EB4D /* PC FamilyUITests */ = {
			isa = PBXGroup;
			children = (
				64BC3AF72BFA9ED50063EB4D /* PC_FamilyUITests.swift */,
				64BC3AF92BFA9ED50063EB4D /* PC_FamilyUITestsLaunchTests.swift */,
			);
			path = "PC FamilyUITests";
			sourceTree = "<group>";
		};
/* End PBXGroup section */

/* Begin PBXNativeTarget section */
		64BC3AD62BFA9ED10063EB4D /* PC Family */ = {
			isa = PBXNativeTarget;
			buildConfigurationList = 64BC3AFD2BFA9ED50063EB4D /* Build configuration list for PBXNativeTarget "PC Family" */;
			buildPhases = (
				64BC3AD32BFA9ED10063EB4D /* Sources */,
				64BC3AD42BFA9ED10063EB4D /* Frameworks */,
				64BC3AD52BFA9ED10063EB4D /* Resources */,
			);
			buildRules = (
			);
			dependencies = (
			);
			name = "PC Family";
			productName = "PC Family";
			productReference = 64BC3AD72BFA9ED10063EB4D /* PC Family.app */;
			productType = "com.apple.product-type.application";
		};
		64BC3AE82BFA9ED50063EB4D /* PC FamilyTests */ = {
			isa = PBXNativeTarget;
			buildConfigurationList = 64BC3B002BFA9ED50063EB4D /* Build configuration list for PBXNativeTarget "PC FamilyTests" */;
			buildPhases = (
				64BC3AE52BFA9ED50063EB4D /* Sources */,
				64BC3AE62BFA9ED50063EB4D /* Frameworks */,
				64BC3AE72BFA9ED50063EB4D /* Resources */,
			);
			buildRules = (
			);
			dependencies = (
				64BC3AEB2BFA9ED50063EB4D /* PBXTargetDependency */,
			);
			name = "PC FamilyTests";
			productName = "PC FamilyTests";
			productReference = 64BC3AE92BFA9ED50063EB4D /* PC FamilyTests.xctest */;
			productType = "com.apple.product-type.bundle.unit-test";
		};
		64BC3AF22BFA9ED50063EB4D /* PC FamilyUITests */ = {
			isa = PBXNativeTarget;
			buildConfigurationList = 64BC3B032BFA9ED50063EB4D /* Build configuration list for PBXNativeTarget "PC FamilyUITests" */;
			buildPhases = (
				64BC3AEF2BFA9ED50063EB4D /* Sources */,
				64BC3AF02BFA9ED50063EB4D /* Frameworks */,
				64BC3AF12BFA9ED50063EB4D /* Resources */,
			);
			buildRules = (
			);
			dependencies = (
				64BC3AF52BFA9ED50063EB4D /* PBXTargetDependency */,
			);
			name = "PC FamilyUITests";
			productName = "PC FamilyUITests";
			productReference = 64BC3AF32BFA9ED50063EB4D /* PC FamilyUITests.xctest */;
			productType = "com.apple.product-type.bundle.ui-testing";
		};
/* End PBXNativeTarget section */

/* Begin PBXProject section */
		64BC3ACF2BFA9ED10063EB4D /* Project object */ = {
			isa = PBXProject;
			attributes = {
				BuildIndependentTargetsInParallel = 1;
				LastSwiftUpdateCheck = 1540;
				LastUpgradeCheck = 1540;
				TargetAttributes = {
					64BC3AD62BFA9ED10063EB4D = {
						CreatedOnToolsVersion = 15.4;
					};
					64BC3AE82BFA9ED50063EB4D = {
						CreatedOnToolsVersion = 15.4;
						TestTargetID = 64BC3AD62BFA9ED10063EB4D;
					};
					64BC3AF22BFA9ED50063EB4D = {
						CreatedOnToolsVersion = 15.4;
						TestTargetID = 64BC3AD62BFA9ED10063EB4D;
					};
				};
			};
			buildConfigurationList = 64BC3AD22BFA9ED10063EB4D /* Build configuration list for PBXProject "PC Family" */;
			compatibilityVersion = "Xcode 14.0";
			developmentRegion = en;
			hasScannedForEncodings = 0;
			knownRegions = (
				en,
				Base,
			);
			mainGroup = 64BC3ACE2BFA9ED10063EB4D;
			productRefGroup = 64BC3AD82BFA9ED10063EB4D /* Products */;
			projectDirPath = "";
			projectRoot = "";
			targets = (
				64BC3AD62BFA9ED10063EB4D /* PC Family */,
				64BC3AE82BFA9ED50063EB4D /* PC FamilyTests */,
				64BC3AF22BFA9ED50063EB4D /* PC FamilyUITests */,
			);
		};
/* End PBXProject section */

/* Begin PBXResourcesBuildPhase section */
		64BC3AD52BFA9ED10063EB4D /* Resources */ = {
			isa = PBXResourcesBuildPhase;
			buildActionMask = 2147483647;
			files = (
				64BC3AE42BFA9ED50063EB4D /* Preview Assets.xcassets in Resources */,
				64BC3AE12BFA9ED50063EB4D /* Assets.xcassets in Resources */,
			);
			runOnlyForDeploymentPostprocessing = 0;
		};
		64BC3AE72BFA9ED50063EB4D /* Resources */ = {
			isa = PBXResourcesBuildPhase;
			buildActionMask = 2147483647;
			files = (
			);
			runOnlyForDeploymentPostprocessing = 0;
		};
		64BC3AF12BFA9ED50063EB4D /* Resources */ = {
			isa = PBXResourcesBuildPhase;
			buildActionMask = 2147483647;
			files = (
			);
			runOnlyForDeploymentPostprocessing = 0;
		};
/* End PBXResourcesBuildPhase section */

/* Begin PBXSourcesBuildPhase section */
		64BC3AD32BFA9ED10063EB4D /* Sources */ = {
			isa = PBXSourcesBuildPhase;
			buildActionMask = 2147483647;
			files = (
				64BC3ADD2BFA9ED10063EB4D /* ContentView.swift in Sources */,
				64BC3B0C2BFAA2FE0063EB4D /* LoginButton.swift in Sources */,
				6454B1BB2BFD443000BA58DB /* HexToColor.swift in Sources */,
				6454B1C02BFD51D000BA58DB /* GlowBorder.swift in Sources */,
				6454B1B92BFD3A5700BA58DB /* MainMenu.swift in Sources */,
				64BC3ADF2BFA9ED10063EB4D /* Item.swift in Sources */,
				64BC3ADB2BFA9ED10063EB4D /* PC_FamilyApp.swift in Sources */,
				64BC3B082BFAA0EF0063EB4D /* LoginView.swift in Sources */,
				6454B1C52BFE660C00BA58DB /* Login.swift in Sources */,
				6454B1C22BFDF36600BA58DB /* SignUp.swift in Sources */,
			);
			runOnlyForDeploymentPostprocessing = 0;
		};
		64BC3AE52BFA9ED50063EB4D /* Sources */ = {
			isa = PBXSourcesBuildPhase;
			buildActionMask = 2147483647;
			files = (
				64BC3AEE2BFA9ED50063EB4D /* PC_FamilyTests.swift in Sources */,
			);
			runOnlyForDeploymentPostprocessing = 0;
		};
		64BC3AEF2BFA9ED50063EB4D /* Sources */ = {
			isa = PBXSourcesBuildPhase;
			buildActionMask = 2147483647;
			files = (
				64BC3AF82BFA9ED50063EB4D /* PC_FamilyUITests.swift in Sources */,
				64BC3AFA2BFA9ED50063EB4D /* PC_FamilyUITestsLaunchTests.swift in Sources */,
			);
			runOnlyForDeploymentPostprocessing = 0;
		};
/* End PBXSourcesBuildPhase section */

/* Begin PBXTargetDependency section */
		64BC3AEB2BFA9ED50063EB4D /* PBXTargetDependency */ = {
			isa = PBXTargetDependency;
			target = 64BC3AD62BFA9ED10063EB4D /* PC Family */;
			targetProxy = 64BC3AEA2BFA9ED50063EB4D /* PBXContainerItemProxy */;
		};
		64BC3AF52BFA9ED50063EB4D /* PBXTargetDependency */ = {
			isa = PBXTargetDependency;
			target = 64BC3AD62BFA9ED10063EB4D /* PC Family */;
			targetProxy = 64BC3AF42BFA9ED50063EB4D /* PBXContainerItemProxy */;
		};
/* End PBXTargetDependency section */

/* Begin XCBuildConfiguration section */
		64BC3AFB2BFA9ED50063EB4D /* Debug */ = {
			isa = XCBuildConfiguration;
			buildSettings = {
				ALWAYS_SEARCH_USER_PATHS = NO;
				ASSETCATALOG_COMPILER_GENERATE_SWIFT_ASSET_SYMBOL_EXTENSIONS = YES;
				CLANG_ANALYZER_NONNULL = YES;
				CLANG_ANALYZER_NUMBER_OBJECT_CONVERSION = YES_AGGRESSIVE;
				CLANG_CXX_LANGUAGE_STANDARD = "gnu++20";
				CLANG_ENABLE_MODULES = YES;
				CLANG_ENABLE_OBJC_ARC = YES;
				CLANG_ENABLE_OBJC_WEAK = YES;
				CLANG_WARN_BLOCK_CAPTURE_AUTORELEASING = YES;
				CLANG_WARN_BOOL_CONVERSION = YES;
				CLANG_WARN_COMMA = YES;
				CLANG_WARN_CONSTANT_CONVERSION = YES;
				CLANG_WARN_DEPRECATED_OBJC_IMPLEMENTATIONS = YES;
				CLANG_WARN_DIRECT_OBJC_ISA_USAGE = YES_ERROR;
				CLANG_WARN_DOCUMENTATION_COMMENTS = YES;
				CLANG_WARN_EMPTY_BODY = YES;
				CLANG_WARN_ENUM_CONVERSION = YES;
				CLANG_WARN_INFINITE_RECURSION = YES;
				CLANG_WARN_INT_CONVERSION = YES;
				CLANG_WARN_NON_LITERAL_NULL_CONVERSION = YES;
				CLANG_WARN_OBJC_IMPLICIT_RETAIN_SELF = YES;
				CLANG_WARN_OBJC_LITERAL_CONVERSION = YES;
				CLANG_WARN_OBJC_ROOT_CLASS = YES_ERROR;
				CLANG_WARN_QUOTED_INCLUDE_IN_FRAMEWORK_HEADER = YES;
				CLANG_WARN_RANGE_LOOP_ANALYSIS = YES;
				CLANG_WARN_STRICT_PROTOTYPES = YES;
				CLANG_WARN_SUSPICIOUS_MOVE = YES;
				CLANG_WARN_UNGUARDED_AVAILABILITY = YES_AGGRESSIVE;
				CLANG_WARN_UNREACHABLE_CODE = YES;
				CLANG_WARN__DUPLICATE_METHOD_MATCH = YES;
				COPY_PHASE_STRIP = NO;
				DEBUG_INFORMATION_FORMAT = dwarf;
				ENABLE_STRICT_OBJC_MSGSEND = YES;
				ENABLE_TESTABILITY = YES;
				ENABLE_USER_SCRIPT_SANDBOXING = YES;
				GCC_C_LANGUAGE_STANDARD = gnu17;
				GCC_DYNAMIC_NO_PIC = NO;
				GCC_NO_COMMON_BLOCKS = YES;
				GCC_OPTIMIZATION_LEVEL = 0;
				GCC_PREPROCESSOR_DEFINITIONS = (
					"DEBUG=1",
					"$(inherited)",
				);
				GCC_WARN_64_TO_32_BIT_CONVERSION = YES;
				GCC_WARN_ABOUT_RETURN_TYPE = YES_ERROR;
				GCC_WARN_UNDECLARED_SELECTOR = YES;
				GCC_WARN_UNINITIALIZED_AUTOS = YES_AGGRESSIVE;
				GCC_WARN_UNUSED_FUNCTION = YES;
				GCC_WARN_UNUSED_VARIABLE = YES;
				IPHONEOS_DEPLOYMENT_TARGET = 17.5;
				LOCALIZATION_PREFERS_STRING_CATALOGS = YES;
				MTL_ENABLE_DEBUG_INFO = INCLUDE_SOURCE;
				MTL_FAST_MATH = YES;
				ONLY_ACTIVE_ARCH = YES;
				SDKROOT = iphoneos;
				SWIFT_ACTIVE_COMPILATION_CONDITIONS = "DEBUG $(inherited)";
				SWIFT_OPTIMIZATION_LEVEL = "-Onone";
			};
			name = Debug;
		};
		64BC3AFC2BFA9ED50063EB4D /* Release */ = {
			isa = XCBuildConfiguration;
			buildSettings = {
				ALWAYS_SEARCH_USER_PATHS = NO;
				ASSETCATALOG_COMPILER_GENERATE_SWIFT_ASSET_SYMBOL_EXTENSIONS = YES;
				CLANG_ANALYZER_NONNULL = YES;
				CLANG_ANALYZER_NUMBER_OBJECT_CONVERSION = YES_AGGRESSIVE;
				CLANG_CXX_LANGUAGE_STANDARD = "gnu++20";
				CLANG_ENABLE_MODULES = YES;
				CLANG_ENABLE_OBJC_ARC = YES;
				CLANG_ENABLE_OBJC_WEAK = YES;
				CLANG_WARN_BLOCK_CAPTURE_AUTORELEASING = YES;
				CLANG_WARN_BOOL_CONVERSION = YES;
				CLANG_WARN_COMMA = YES;
				CLANG_WARN_CONSTANT_CONVERSION = YES;
				CLANG_WARN_DEPRECATED_OBJC_IMPLEMENTATIONS = YES;
				CLANG_WARN_DIRECT_OBJC_ISA_USAGE = YES_ERROR;
				CLANG_WARN_DOCUMENTATION_COMMENTS = YES;
				CLANG_WARN_EMPTY_BODY = YES;
				CLANG_WARN_ENUM_CONVERSION = YES;
				CLANG_WARN_INFINITE_RECURSION = YES;
				CLANG_WARN_INT_CONVERSION = YES;
				CLANG_WARN_NON_LITERAL_NULL_CONVERSION = YES;
				CLANG_WARN_OBJC_IMPLICIT_RETAIN_SELF = YES;
				CLANG_WARN_OBJC_LITERAL_CONVERSION = YES;
				CLANG_WARN_OBJC_ROOT_CLASS = YES_ERROR;
				CLANG_WARN_QUOTED_INCLUDE_IN_FRAMEWORK_HEADER = YES;
				CLANG_WARN_RANGE_LOOP_ANALYSIS = YES;
				CLANG_WARN_STRICT_PROTOTYPES = YES;
				CLANG_WARN_SUSPICIOUS_MOVE = YES;
				CLANG_WARN_UNGUARDED_AVAILABILITY = YES_AGGRESSIVE;
				CLANG_WARN_UNREACHABLE_CODE = YES;
				CLANG_WARN__DUPLICATE_METHOD_MATCH = YES;
				COPY_PHASE_STRIP = NO;
				DEBUG_INFORMATION_FORMAT = "dwarf-with-dsym";
				ENABLE_NS_ASSERTIONS = NO;
				ENABLE_STRICT_OBJC_MSGSEND = YES;
				ENABLE_USER_SCRIPT_SANDBOXING = YES;
				GCC_C_LANGUAGE_STANDARD = gnu17;
				GCC_NO_COMMON_BLOCKS = YES;
				GCC_WARN_64_TO_32_BIT_CONVERSION = YES;
				GCC_WARN_ABOUT_RETURN_TYPE = YES_ERROR;
				GCC_WARN_UNDECLARED_SELECTOR = YES;
				GCC_WARN_UNINITIALIZED_AUTOS = YES_AGGRESSIVE;
				GCC_WARN_UNUSED_FUNCTION = YES;
				GCC_WARN_UNUSED_VARIABLE = YES;
				IPHONEOS_DEPLOYMENT_TARGET = 17.5;
				LOCALIZATION_PREFERS_STRING_CATALOGS = YES;
				MTL_ENABLE_DEBUG_INFO = NO;
				MTL_FAST_MATH = YES;
				SDKROOT = iphoneos;
				SWIFT_COMPILATION_MODE = wholemodule;
				VALIDATE_PRODUCT = YES;
			};
			name = Release;
		};
		64BC3AFE2BFA9ED50063EB4D /* Debug */ = {
			isa = XCBuildConfiguration;
			buildSettings = {
				ASSETCATALOG_COMPILER_APPICON_NAME = AppIcon;
				ASSETCATALOG_COMPILER_GLOBAL_ACCENT_COLOR_NAME = AccentColor;
				CODE_SIGN_STYLE = Automatic;
				CURRENT_PROJECT_VERSION = 1;
				DEVELOPMENT_ASSET_PATHS = "\"PC Family/Preview Content\"";
				DEVELOPMENT_TEAM = 39WBCX58BU;
				ENABLE_PREVIEWS = YES;
				GENERATE_INFOPLIST_FILE = YES;
				INFOPLIST_KEY_UIApplicationSceneManifest_Generation = YES;
				INFOPLIST_KEY_UIApplicationSupportsIndirectInputEvents = YES;
				INFOPLIST_KEY_UILaunchScreen_Generation = YES;
				INFOPLIST_KEY_UISupportedInterfaceOrientations_iPad = "UIInterfaceOrientationPortrait UIInterfaceOrientationPortraitUpsideDown UIInterfaceOrientationLandscapeLeft UIInterfaceOrientationLandscapeRight";
				INFOPLIST_KEY_UISupportedInterfaceOrientations_iPhone = "UIInterfaceOrientationPortrait UIInterfaceOrientationLandscapeLeft UIInterfaceOrientationLandscapeRight";
				LD_RUNPATH_SEARCH_PATHS = (
					"$(inherited)",
					"@executable_path/Frameworks",
				);
				MARKETING_VERSION = 1.0;
				PRODUCT_BUNDLE_IDENTIFIER = "com.gmail.bokyere887.PC-Family";
				PRODUCT_NAME = "$(TARGET_NAME)";
				SWIFT_EMIT_LOC_STRINGS = YES;
				SWIFT_VERSION = 5.0;
				TARGETED_DEVICE_FAMILY = "1,2";
			};
			name = Debug;
		};
		64BC3AFF2BFA9ED50063EB4D /* Release */ = {
			isa = XCBuildConfiguration;
			buildSettings = {
				ASSETCATALOG_COMPILER_APPICON_NAME = AppIcon;
				ASSETCATALOG_COMPILER_GLOBAL_ACCENT_COLOR_NAME = AccentColor;
				CODE_SIGN_STYLE = Automatic;
				CURRENT_PROJECT_VERSION = 1;
				DEVELOPMENT_ASSET_PATHS = "\"PC Family/Preview Content\"";
				DEVELOPMENT_TEAM = 39WBCX58BU;
				ENABLE_PREVIEWS = YES;
				GENERATE_INFOPLIST_FILE = YES;
				INFOPLIST_KEY_UIApplicationSceneManifest_Generation = YES;
				INFOPLIST_KEY_UIApplicationSupportsIndirectInputEvents = YES;
				INFOPLIST_KEY_UILaunchScreen_Generation = YES;
				INFOPLIST_KEY_UISupportedInterfaceOrientations_iPad = "UIInterfaceOrientationPortrait UIInterfaceOrientationPortraitUpsideDown UIInterfaceOrientationLandscapeLeft UIInterfaceOrientationLandscapeRight";
				INFOPLIST_KEY_UISupportedInterfaceOrientations_iPhone = "UIInterfaceOrientationPortrait UIInterfaceOrientationLandscapeLeft UIInterfaceOrientationLandscapeRight";
				LD_RUNPATH_SEARCH_PATHS = (
					"$(inherited)",
					"@executable_path/Frameworks",
				);
				MARKETING_VERSION = 1.0;
				PRODUCT_BUNDLE_IDENTIFIER = "com.gmail.bokyere887.PC-Family";
				PRODUCT_NAME = "$(TARGET_NAME)";
				SWIFT_EMIT_LOC_STRINGS = YES;
				SWIFT_VERSION = 5.0;
				TARGETED_DEVICE_FAMILY = "1,2";
			};
			name = Release;
		};
		64BC3B012BFA9ED50063EB4D /* Debug */ = {
			isa = XCBuildConfiguration;
			buildSettings = {
				ALWAYS_EMBED_SWIFT_STANDARD_LIBRARIES = YES;
				BUNDLE_LOADER = "$(TEST_HOST)";
				CODE_SIGN_STYLE = Automatic;
				CURRENT_PROJECT_VERSION = 1;
				DEVELOPMENT_TEAM = 39WBCX58BU;
				GENERATE_INFOPLIST_FILE = YES;
				IPHONEOS_DEPLOYMENT_TARGET = 17.5;
				MARKETING_VERSION = 1.0;
				PRODUCT_BUNDLE_IDENTIFIER = "com.gmail.bokyere887.PC-FamilyTests";
				PRODUCT_NAME = "$(TARGET_NAME)";
				SWIFT_EMIT_LOC_STRINGS = NO;
				SWIFT_VERSION = 5.0;
				TARGETED_DEVICE_FAMILY = "1,2";
				TEST_HOST = "$(BUILT_PRODUCTS_DIR)/PC Family.app/$(BUNDLE_EXECUTABLE_FOLDER_PATH)/PC Family";
			};
			name = Debug;
		};
		64BC3B022BFA9ED50063EB4D /* Release */ = {
			isa = XCBuildConfiguration;
			buildSettings = {
				ALWAYS_EMBED_SWIFT_STANDARD_LIBRARIES = YES;
				BUNDLE_LOADER = "$(TEST_HOST)";
				CODE_SIGN_STYLE = Automatic;
				CURRENT_PROJECT_VERSION = 1;
				DEVELOPMENT_TEAM = 39WBCX58BU;
				GENERATE_INFOPLIST_FILE = YES;
				IPHONEOS_DEPLOYMENT_TARGET = 17.5;
				MARKETING_VERSION = 1.0;
				PRODUCT_BUNDLE_IDENTIFIER = "com.gmail.bokyere887.PC-FamilyTests";
				PRODUCT_NAME = "$(TARGET_NAME)";
				SWIFT_EMIT_LOC_STRINGS = NO;
				SWIFT_VERSION = 5.0;
				TARGETED_DEVICE_FAMILY = "1,2";
				TEST_HOST = "$(BUILT_PRODUCTS_DIR)/PC Family.app/$(BUNDLE_EXECUTABLE_FOLDER_PATH)/PC Family";
			};
			name = Release;
		};
		64BC3B042BFA9ED50063EB4D /* Debug */ = {
			isa = XCBuildConfiguration;
			buildSettings = {
				ALWAYS_EMBED_SWIFT_STANDARD_LIBRARIES = YES;
				CODE_SIGN_STYLE = Automatic;
				CURRENT_PROJECT_VERSION = 1;
				DEVELOPMENT_TEAM = 39WBCX58BU;
				GENERATE_INFOPLIST_FILE = YES;
				MARKETING_VERSION = 1.0;
				PRODUCT_BUNDLE_IDENTIFIER = "com.gmail.bokyere887.PC-FamilyUITests";
				PRODUCT_NAME = "$(TARGET_NAME)";
				SWIFT_EMIT_LOC_STRINGS = NO;
				SWIFT_VERSION = 5.0;
				TARGETED_DEVICE_FAMILY = "1,2";
				TEST_TARGET_NAME = "PC Family";
			};
			name = Debug;
		};
		64BC3B052BFA9ED50063EB4D /* Release */ = {
			isa = XCBuildConfiguration;
			buildSettings = {
				ALWAYS_EMBED_SWIFT_STANDARD_LIBRARIES = YES;
				CODE_SIGN_STYLE = Automatic;
				CURRENT_PROJECT_VERSION = 1;
				DEVELOPMENT_TEAM = 39WBCX58BU;
				GENERATE_INFOPLIST_FILE = YES;
				MARKETING_VERSION = 1.0;
				PRODUCT_BUNDLE_IDENTIFIER = "com.gmail.bokyere887.PC-FamilyUITests";
				PRODUCT_NAME = "$(TARGET_NAME)";
				SWIFT_EMIT_LOC_STRINGS = NO;
				SWIFT_VERSION = 5.0;
				TARGETED_DEVICE_FAMILY = "1,2";
				TEST_TARGET_NAME = "PC Family";
			};
			name = Release;
		};
/* End XCBuildConfiguration section */

/* Begin XCConfigurationList section */
		64BC3AD22BFA9ED10063EB4D /* Build configuration list for PBXProject "PC Family" */ = {
			isa = XCConfigurationList;
			buildConfigurations = (
				64BC3AFB2BFA9ED50063EB4D /* Debug */,
				64BC3AFC2BFA9ED50063EB4D /* Release */,
			);
			defaultConfigurationIsVisible = 0;
			defaultConfigurationName = Release;
		};
		64BC3AFD2BFA9ED50063EB4D /* Build configuration list for PBXNativeTarget "PC Family" */ = {
			isa = XCConfigurationList;
			buildConfigurations = (
				64BC3AFE2BFA9ED50063EB4D /* Debug */,
				64BC3AFF2BFA9ED50063EB4D /* Release */,
			);
			defaultConfigurationIsVisible = 0;
			defaultConfigurationName = Release;
		};
		64BC3B002BFA9ED50063EB4D /* Build configuration list for PBXNativeTarget "PC FamilyTests" */ = {
			isa = XCConfigurationList;
			buildConfigurations = (
				64BC3B012BFA9ED50063EB4D /* Debug */,
				64BC3B022BFA9ED50063EB4D /* Release */,
			);
			defaultConfigurationIsVisible = 0;
			defaultConfigurationName = Release;
		};
		64BC3B032BFA9ED50063EB4D /* Build configuration list for PBXNativeTarget "PC FamilyUITests" */ = {
			isa = XCConfigurationList;
			buildConfigurations = (
				64BC3B042BFA9ED50063EB4D /* Debug */,
				64BC3B052BFA9ED50063EB4D /* Release */,
			);
			defaultConfigurationIsVisible = 0;
			defaultConfigurationName = Release;
		};
/* End XCConfigurationList section */
	};
	rootObject = 64BC3ACF2BFA9ED10063EB4D /* Project object */;
}
